GEM
  remote: https://rubygems.org/
  specs:
    async (2.41.0)
      console (~> 1.29)
      fiber-annotation
      io-event (~> 1.11)
      metrics (~> 0.12)
      traces (~> 0.18)
    console (1.36.0)
      fiber-annotation
      fiber-local (~> 1.1)
      json
    fiber-annotation (0.2.0)
    fiber-local (1.1.0)
      fiber-storage
    fiber-storage (1.0.1)
    io-event (1.17.0)
    json (2.20.0)
    metrics (0.15.0)
    traces (0.18.2)

PLATFORMS
  arm64-darwin-25
  ruby

DEPENDENCIES
  async (~> 2.0)

CHECKSUMS
  async (2.41.0) sha256=c721ff2185760e9014639776aa1387a28012055c25aa960ff46f8478ed34acc5
  bundler (4.0.15) sha256=a4ceb882fe94a0e0ac63cd0813932bbfd631a14e5ac0b7975189b19a4d28d9e7
  console (1.36.0) sha256=45599ea906cf80a73d8941f03abf873fe66a6a954e0bac5bc1c01e2cdc406f07
  fiber-annotation (0.2.0) sha256=7abfadf1d119f508867d4103bf231c0354d019cc39a5738945dec2edadaf6c03
  fiber-local (1.1.0) sha256=c885f94f210fb9b05737de65d511136ea602e00c5105953748aa0f8793489f06
  fiber-storage (1.0.1) sha256=f48e5b6d8b0be96dac486332b55cee82240057065dc761c1ea692b2e719240e1
  io-event (1.17.0) sha256=665c8883c4b7066e8241427056ce43d4e01747ec3a61e4a7badfdc4a316bfb84
  json (2.20.0) sha256=9362bc6e55a952b056abf9167cf053358181c904cb70cd6eee0808ea830fc32b
  metrics (0.15.0) sha256=61ded5bac95118e995b1bc9ed4a5f19bc9814928a312a85b200abbdac9039072
  traces (0.18.2) sha256=80f1649cb4daace1d7174b81f3b3b7427af0b93047759ba349960cb8f315e214

BUNDLED WITH
  4.0.15
